
Microsoft Visual Studio Solution File, Format Version 12.00
# Visual Studio Version 17
VisualStudioVersion = 17.10.34916.146
MinimumVisualStudioVersion = 10.0.40219.1
Project("{9A19103F-16F7-4668-BE54-9A1E7A4F7556}") = "App.Host", "Host\App.Host.csproj", "{7FDBFC82-9F7F-4334-B017-F5CE7ECB71AB}"
EndProject
Project("{9A19103F-16F7-4668-BE54-9A1E7A4F7556}") = "App.Library", "Library\App.Library.csproj", "{35413823-9C84-4FA9-805C-EEF314377AC4}"
EndProject
Project("{FAE04EC0-301F-11D3-BF4B-00C04F79EFBC}") = "App.Provider.Company", "Provider.Company\App.Provider.Company.csproj", "{2CD7A721-E76A-42A9-879C-47808FF88357}"
EndProject
Project("{FAE04EC0-301F-11D3-BF4B-00C04F79EFBC}") = "App.Shared", "Shared\App.Shared.csproj", "{9CEA1851-C59A-4C13-8CC5-9C1960B9DBB4}"
EndProject
Global
	GlobalSection(SolutionConfigurationPlatforms) = preSolution
		Debug|Any CPU = Debug|Any CPU
		Release|Any CPU = Release|Any CPU
	EndGlobalSection
	GlobalSection(ProjectConfigurationPlatforms) = postSolution
		{7FDBFC82-9F7F-4334-B017-F5CE7ECB71AB}.Debug|Any CPU.ActiveCfg = Debug|Any CPU
		{7FDBFC82-9F7F-4334-B017-F5CE7ECB71AB}.Debug|Any CPU.Build.0 = Debug|Any CPU
		{7FDBFC82-9F7F-4334-B017-F5CE7ECB71AB}.Release|Any CPU.ActiveCfg = Release|Any CPU
		{7FDBFC82-9F7F-4334-B017-F5CE7ECB71AB}.Release|Any CPU.Build.0 = Release|Any CPU
		{35413823-9C84-4FA9-805C-EEF314377AC4}.Debug|Any CPU.ActiveCfg = Debug|Any CPU
		{35413823-9C84-4FA9-805C-EEF314377AC4}.Debug|Any CPU.Build.0 = Debug|Any CPU
		{35413823-9C84-4FA9-805C-EEF314377AC4}.Release|Any CPU.ActiveCfg = Release|Any CPU
		{35413823-9C84-4FA9-805C-EEF314377AC4}.Release|Any CPU.Build.0 = Release|Any CPU
		{2CD7A721-E76A-42A9-879C-47808FF88357}.Debug|Any CPU.ActiveCfg = Debug|Any CPU
		{2CD7A721-E76A-42A9-879C-47808FF88357}.Debug|Any CPU.Build.0 = Debug|Any CPU
		{2CD7A721-E76A-42A9-879C-47808FF88357}.Release|Any CPU.ActiveCfg = Release|Any CPU
		{2CD7A721-E76A-42A9-879C-47808FF88357}.Release|Any CPU.Build.0 = Release|Any CPU
		{9CEA1851-C59A-4C13-8CC5-9C1960B9DBB4}.Debug|Any CPU.ActiveCfg = Debug|Any CPU
		{9CEA1851-C59A-4C13-8CC5-9C1960B9DBB4}.Debug|Any CPU.Build.0 = Debug|Any CPU
		{9CEA1851-C59A-4C13-8CC5-9C1960B9DBB4}.Release|Any CPU.ActiveCfg = Release|Any CPU
		{9CEA1851-C59A-4C13-8CC5-9C1960B9DBB4}.Release|Any CPU.Build.0 = Release|Any CPU
	EndGlobalSection
	GlobalSection(SolutionProperties) = preSolution
		HideSolutionNode = FALSE
	EndGlobalSection
	GlobalSection(ExtensibilityGlobals) = postSolution
		SolutionGuid = {D6A5235D-B532-498C-BACB-CA37C292596C}
	EndGlobalSection
EndGlobal
